# This file is automatically @generated by Cargo.
# It is not intended for manual editing.
version = 3

[[package]]
name = "alloc-from-pool"
version = "1.0.4"
source = "registry+https://github.com/rust-lang/crates.io-index"
checksum = "8e72b4bf1c2b13430eeaf9f1c60d08e1e8fbaff5fd52ce53711e773131a997ff"

[[package]]
name = "ast-parser"
version = "0.1.0"
dependencies = [
 "lib-ruby-parser",
 "line-col",
]

[[package]]
name = "lib-ruby-parser"
version = "4.0.3+ruby-3.1.1"
source = "registry+https://github.com/rust-lang/crates.io-index"
checksum = "d3d4cba0efce0d41b30b769beecdf33d9eb327cb61b23fcd828f94a8df0b3dfe"
dependencies = [
 "alloc-from-pool",
]

[[package]]
name = "line-col"
version = "0.2.1"
source = "registry+https://github.com/rust-lang/crates.io-index"
checksum = "9e69cdf6b85b5c8dce514f694089a2cf8b1a702f6cd28607bcb3cf296c9778db"
