{
  "name": "ast-parser-bridge",
  "version": "0.1.0",
  "lockfileVersion": 2,
  "requires": true,
  "packages": {
    "": {
      "name": "ast-parser-bridge",
      "version": "0.1.0",
      "hasInstallScript": true,
      "license": "ISC",
      "devDependencies": {
        "cargo-cp-artifact": "^0.1"
      }
    },
    "node_modules/cargo-cp-artifact": {
      "version": "0.1.6",
      "dev": true,
      "license": "MIT",
      "bin": {
        "cargo-cp-artifact": "bin/cargo-cp-artifact.js"
      }
    }
  },
  "dependencies": {
    "cargo-cp-artifact": {
      "version": "0.1.6",
      "dev": true
    }
  }
}
